lockfileVersion: '6.0'

settings:
  autoInstallPeers: true
  excludeLinksFromLockfile: false

dependencies:
  gl-matrix:
    specifier: 4.0.0-beta.1
    version: 4.0.0-beta.1

devDependencies:
  typescript:
    specifier: ^5.3.3
    version: 5.3.3

packages:

  /gl-matrix@4.0.0-beta.1:
    resolution: {integrity: sha512-T46Kej6rIIASFFRtUj6CmsWutu8XHHccdPwAfwkJrr4MkOsKKaQprSTjMhUGuVVmqN3iJO9CwYX1DjACr2Wn6g==}
    dev: false

  /typescript@5.3.3:
    resolution: {integrity: sha512-pXWcraxM0uxAS+tN0AG/BF2TyqmHO014Z070UsJ+pFvYuRSq8KH8DmWpnbXe0pEPDHXZV3FcAbJkijJ5oNEnWw==}
    engines: {node: '>=14.17'}
    hasBin: true
    dev: true
